
Microsoft Visual Studio Solution File, Format Version 12.00
# Visual Studio Version 17
VisualStudioVersion = 17.9.34723.18
MinimumVisualStudioVersion = 10.0.40219.1
Project("{9A19103F-16F7-4668-BE54-9A1E7A4F7556}") = "WebApplication1", "WebApplication1\WebApplication1.csproj", "{93E815FC-D92C-4FFA-B12A-5F80723620AE}"
EndProject
Project("{9A19103F-16F7-4668-BE54-9A1E7A4F7556}") = "WebApplication2", "WebApplication2\WebApplication2.csproj", "{9B4C2FAB-AD98-471F-84E8-36350E3E2D01}"
EndProject
Project("{9A19103F-16F7-4668-BE54-9A1E7A4F7556}") = "Example03.WebApplication", "Example03.WebApplication\Example03.WebApplication.csproj", "{C3E6F71D-F92B-4A15-B6FB-17F6FB63601A}"
EndProject
Project("{9A19103F-16F7-4668-BE54-9A1E7A4F7556}") = "Example05.WebApplication", "Example05.WebApplication\Example05.WebApplication.csproj", "{CC94A786-61E8-4C01-A486-9462F7EFF431}"
EndProject
Project("{9A19103F-16F7-4668-BE54-9A1E7A4F7556}") = "WebApplication3", "WebApplication3\WebApplication3.csproj", "{790DA785-EC1E-42F9-A967-6048780E355E}"
EndProject
Project("{9A19103F-16F7-4668-BE54-9A1E7A4F7556}") = "OtelApp", "OtelApp\OtelApp.csproj", "{2EA5D837-401F-451E-B5E7-84E7258453ED}"
EndProject
Project("{9A19103F-16F7-4668-BE54-9A1E7A4F7556}") = "TekrarApp", "TekrarApp\TekrarApp.csproj", "{E72751EA-D54B-47EE-B0BF-2769B875D095}"
EndProject
Project("{9A19103F-16F7-4668-BE54-9A1E7A4F7556}") = "NestedLayoutApp", "NestedLayoutApp\NestedLayoutApp.csproj", "{6AC030AB-1A00-4440-9251-685BC9D9C290}"
EndProject
Project("{FAE04EC0-301F-11D3-BF4B-00C04F79EFBC}") = "SuperMarketApp", "SuperMarketApp\SuperMarketApp.csproj", "{1A9258C1-26A4-4271-AABC-C90E231D9607}"
EndProject
Global
	GlobalSection(SolutionConfigurationPlatforms) = preSolution
		Debug|Any CPU = Debug|Any CPU
		Release|Any CPU = Release|Any CPU
	EndGlobalSection
	GlobalSection(ProjectConfigurationPlatforms) = postSolution
		{93E815FC-D92C-4FFA-B12A-5F80723620AE}.Debug|Any CPU.ActiveCfg = Debug|Any CPU
		{93E815FC-D92C-4FFA-B12A-5F80723620AE}.Debug|Any CPU.Build.0 = Debug|Any CPU
		{93E815FC-D92C-4FFA-B12A-5F80723620AE}.Release|Any CPU.ActiveCfg = Release|Any CPU
		{93E815FC-D92C-4FFA-B12A-5F80723620AE}.Release|Any CPU.Build.0 = Release|Any CPU
		{9B4C2FAB-AD98-471F-84E8-36350E3E2D01}.Debug|Any CPU.ActiveCfg = Debug|Any CPU
		{9B4C2FAB-AD98-471F-84E8-36350E3E2D01}.Debug|Any CPU.Build.0 = Debug|Any CPU
		{9B4C2FAB-AD98-471F-84E8-36350E3E2D01}.Release|Any CPU.ActiveCfg = Release|Any CPU
		{9B4C2FAB-AD98-471F-84E8-36350E3E2D01}.Release|Any CPU.Build.0 = Release|Any CPU
		{C3E6F71D-F92B-4A15-B6FB-17F6FB63601A}.Debug|Any CPU.ActiveCfg = Debug|Any CPU
		{C3E6F71D-F92B-4A15-B6FB-17F6FB63601A}.Debug|Any CPU.Build.0 = Debug|Any CPU
		{C3E6F71D-F92B-4A15-B6FB-17F6FB63601A}.Release|Any CPU.ActiveCfg = Release|Any CPU
		{C3E6F71D-F92B-4A15-B6FB-17F6FB63601A}.Release|Any CPU.Build.0 = Release|Any CPU
		{CC94A786-61E8-4C01-A486-9462F7EFF431}.Debug|Any CPU.ActiveCfg = Debug|Any CPU
		{CC94A786-61E8-4C01-A486-9462F7EFF431}.Debug|Any CPU.Build.0 = Debug|Any CPU
		{CC94A786-61E8-4C01-A486-9462F7EFF431}.Release|Any CPU.ActiveCfg = Release|Any CPU
		{CC94A786-61E8-4C01-A486-9462F7EFF431}.Release|Any CPU.Build.0 = Release|Any CPU
		{790DA785-EC1E-42F9-A967-6048780E355E}.Debug|Any CPU.ActiveCfg = Debug|Any CPU
		{790DA785-EC1E-42F9-A967-6048780E355E}.Debug|Any CPU.Build.0 = Debug|Any CPU
		{790DA785-EC1E-42F9-A967-6048780E355E}.Release|Any CPU.ActiveCfg = Release|Any CPU
		{790DA785-EC1E-42F9-A967-6048780E355E}.Release|Any CPU.Build.0 = Release|Any CPU
		{2EA5D837-401F-451E-B5E7-84E7258453ED}.Debug|Any CPU.ActiveCfg = Debug|Any CPU
		{2EA5D837-401F-451E-B5E7-84E7258453ED}.Debug|Any CPU.Build.0 = Debug|Any CPU
		{2EA5D837-401F-451E-B5E7-84E7258453ED}.Release|Any CPU.ActiveCfg = Release|Any CPU
		{2EA5D837-401F-451E-B5E7-84E7258453ED}.Release|Any CPU.Build.0 = Release|Any CPU
		{E72751EA-D54B-47EE-B0BF-2769B875D095}.Debug|Any CPU.ActiveCfg = Debug|Any CPU
		{E72751EA-D54B-47EE-B0BF-2769B875D095}.Debug|Any CPU.Build.0 = Debug|Any CPU
		{E72751EA-D54B-47EE-B0BF-2769B875D095}.Release|Any CPU.ActiveCfg = Release|Any CPU
		{E72751EA-D54B-47EE-B0BF-2769B875D095}.Release|Any CPU.Build.0 = Release|Any CPU
		{6AC030AB-1A00-4440-9251-685BC9D9C290}.Debug|Any CPU.ActiveCfg = Debug|Any CPU
		{6AC030AB-1A00-4440-9251-685BC9D9C290}.Debug|Any CPU.Build.0 = Debug|Any CPU
		{6AC030AB-1A00-4440-9251-685BC9D9C290}.Release|Any CPU.ActiveCfg = Release|Any CPU
		{6AC030AB-1A00-4440-9251-685BC9D9C290}.Release|Any CPU.Build.0 = Release|Any CPU
		{1A9258C1-26A4-4271-AABC-C90E231D9607}.Debug|Any CPU.ActiveCfg = Debug|Any CPU
		{1A9258C1-26A4-4271-AABC-C90E231D9607}.Debug|Any CPU.Build.0 = Debug|Any CPU
		{1A9258C1-26A4-4271-AABC-C90E231D9607}.Release|Any CPU.ActiveCfg = Release|Any CPU
		{1A9258C1-26A4-4271-AABC-C90E231D9607}.Release|Any CPU.Build.0 = Release|Any CPU
	EndGlobalSection
	GlobalSection(SolutionProperties) = preSolution
		HideSolutionNode = FALSE
	EndGlobalSection
	GlobalSection(ExtensibilityGlobals) = postSolution
		SolutionGuid = {8CF0682D-1C5A-428A-9425-D3D67B5CEDF0}
	EndGlobalSection
EndGlobal
