
Microsoft Visual Studio Solution File, Format Version 12.00
# Visual Studio Version 17
VisualStudioVersion = 17.9.34723.18
MinimumVisualStudioVersion = 10.0.40219.1
Project("{FAE04EC0-301F-11D3-BF4B-00C04F79EFBC}") = "WebApplication1", "WebApplication1\WebApplication1.csproj", "{93E815FC-D92C-4FFA-B12A-5F80723620AE}"
EndProject
Global
	GlobalSection(SolutionConfigurationPlatforms) = preSolution
		Debug|Any CPU = Debug|Any CPU
		Release|Any CPU = Release|Any CPU
	EndGlobalSection
	GlobalSection(ProjectConfigurationPlatforms) = postSolution
		{93E815FC-D92C-4FFA-B12A-5F80723620AE}.Debug|Any CPU.ActiveCfg = Debug|Any CPU
		{93E815FC-D92C-4FFA-B12A-5F80723620AE}.Debug|Any CPU.Build.0 = Debug|Any CPU
		{93E815FC-D92C-4FFA-B12A-5F80723620AE}.Release|Any CPU.ActiveCfg = Release|Any CPU
		{93E815FC-D92C-4FFA-B12A-5F80723620AE}.Release|Any CPU.Build.0 = Release|Any CPU
	EndGlobalSection
	GlobalSection(SolutionProperties) = preSolution
		HideSolutionNode = FALSE
	EndGlobalSection
	GlobalSection(ExtensibilityGlobals) = postSolution
		SolutionGuid = {8CF0682D-1C5A-428A-9425-D3D67B5CEDF0}
	EndGlobalSection
EndGlobal
