
Microsoft Visual Studio Solution File, Format Version 12.00
# Visual Studio Version 17
VisualStudioVersion = 17.9.34723.18
MinimumVisualStudioVersion = 10.0.40219.1
Project("{FAE04EC0-301F-11D3-BF4B-00C04F79EFBC}") = "EserKepenk", "EserKepenk\EserKepenk.csproj", "{AE7BCCE6-0E00-4987-A1DC-B39E50BCE5BF}"
EndProject
Global
	GlobalSection(SolutionConfigurationPlatforms) = preSolution
		Debug|Any CPU = Debug|Any CPU
		Release|Any CPU = Release|Any CPU
	EndGlobalSection
	GlobalSection(ProjectConfigurationPlatforms) = postSolution
		{AE7BCCE6-0E00-4987-A1DC-B39E50BCE5BF}.Debug|Any CPU.ActiveCfg = Debug|Any CPU
		{AE7BCCE6-0E00-4987-A1DC-B39E50BCE5BF}.Debug|Any CPU.Build.0 = Debug|Any CPU
		{AE7BCCE6-0E00-4987-A1DC-B39E50BCE5BF}.Release|Any CPU.ActiveCfg = Release|Any CPU
		{AE7BCCE6-0E00-4987-A1DC-B39E50BCE5BF}.Release|Any CPU.Build.0 = Release|Any CPU
	EndGlobalSection
	GlobalSection(SolutionProperties) = preSolution
		HideSolutionNode = FALSE
	EndGlobalSection
	GlobalSection(ExtensibilityGlobals) = postSolution
		SolutionGuid = {4D7A6490-D30F-4E7C-8C9F-095144504E23}
	EndGlobalSection
EndGlobal
